
Microsoft Visual Studio Solution File, Format Version 12.00
# Visual Studio 15
VisualStudioVersion = 15.0.28307.136
MinimumVisualStudioVersion = 10.0.40219.1
Project("{FAE04EC0-301F-11D3-BF4B-00C04F79EFBC}") = "Debug access_token", "Debug access_token\Debug access_token.csproj", "{B51866E5-8E9A-4715-B065-4BEB1A1A9528}"
EndProject
Global
	GlobalSection(SolutionConfigurationPlatforms) = preSolution
		Debug|Any CPU = Debug|Any CPU
		Release|Any CPU = Release|Any CPU
	EndGlobalSection
	GlobalSection(ProjectConfigurationPlatforms) = postSolution
		{B51866E5-8E9A-4715-B065-4BEB1A1A9528}.Debug|Any CPU.ActiveCfg = Debug|Any CPU
		{B51866E5-8E9A-4715-B065-4BEB1A1A9528}.Debug|Any CPU.Build.0 = Debug|Any CPU
		{B51866E5-8E9A-4715-B065-4BEB1A1A9528}.Release|Any CPU.ActiveCfg = Release|Any CPU
		{B51866E5-8E9A-4715-B065-4BEB1A1A9528}.Release|Any CPU.Build.0 = Release|Any CPU
	EndGlobalSection
	GlobalSection(SolutionProperties) = preSolution
		HideSolutionNode = FALSE
	EndGlobalSection
	GlobalSection(ExtensibilityGlobals) = postSolution
		SolutionGuid = {A6225746-D7DC-4352-AF98-895CBAEB176C}
	EndGlobalSection
EndGlobal
